// !$*UTF8*$!
{
	archiveVersion = 1;
	classes = {
	};
	objectVersion = 55;
	objects = {

/* Begin PBXBuildFile section */
		07B1AA3327EB96CD00BFFFF4 /* MovieCell.m in Sources */ = {isa = PBXBuildFile; fileRef = 07B1AA3227EB96CD00BFFFF4 /* MovieCell.m */; };
		F1F5C4C527E8FAC9005D5393 /* AppDelegate.m in Sources */ = {isa = PBXBuildFile; fileRef = F1F5C4C427E8FAC9005D5393 /* AppDelegate.m */; };
		F1F5C4C827E8FAC9005D5393 /* SceneDelegate.m in Sources */ = {isa = PBXBuildFile; fileRef = F1F5C4C727E8FAC9005D5393 /* SceneDelegate.m */; };
		F1F5C4CB27E8FAC9005D5393 /* MovieViewController.m in Sources */ = {isa = PBXBuildFile; fileRef = F1F5C4CA27E8FAC9005D5393 /* MovieViewController.m */; };
		F1F5C4D127E8FAC9005D5393 /* MovieDB_in_Objective_C.xcdatamodeld in Sources */ = {isa = PBXBuildFile; fileRef = F1F5C4CF27E8FAC9005D5393 /* MovieDB_in_Objective_C.xcdatamodeld */; };
		F1F5C4D327E8FACC005D5393 /* Assets.xcassets in Resources */ = {isa = PBXBuildFile; fileRef = F1F5C4D227E8FACC005D5393 /* Assets.xcassets */; };
		F1F5C4D627E8FACC005D5393 /* LaunchScreen.storyboard in Resources */ = {isa = PBXBuildFile; fileRef = F1F5C4D427E8FACC005D5393 /* LaunchScreen.storyboard */; };
		F1F5C4D927E8FACC005D5393 /* main.m in Sources */ = {isa = PBXBuildFile; fileRef = F1F5C4D827E8FACC005D5393 /* main.m */; };
		F1F5C4E027E8FCFA005D5393 /* Main.storyboard in Resources */ = {isa = PBXBuildFile; fileRef = F1F5C4DF27E8FCFA005D5393 /* Main.storyboard */; };
		F1F5C4E627EB7E0F005D5393 /* MovieDetailsViewController.m in Sources */ = {isa = PBXBuildFile; fileRef = F1F5C4E527EB7E0F005D5393 /* MovieDetailsViewController.m */; };
		F1F5C4E827EB7FD2005D5393 /* Movie.m in Sources */ = {isa = PBXBuildFile; fileRef = F1F5C4E727EB7FD2005D5393 /* Movie.m */; };
		F1F5C4ED27EBA6EC005D5393 /* MovieDetailCell.m in Sources */ = {isa = PBXBuildFile; fileRef = F1F5C4EC27EBA6EC005D5393 /* MovieDetailCell.m */; };
		F1F5C4F027EBA70F005D5393 /* MovieDetailOverviewCell.m in Sources */ = {isa = PBXBuildFile; fileRef = F1F5C4EF27EBA70F005D5393 /* MovieDetailOverviewCell.m */; };
/* End PBXBuildFile section */

/* Begin PBXFileReference section */
		07B1AA3227EB96CD00BFFFF4 /* MovieCell.m */ = {isa = PBXFileReference; lastKnownFileType = sourcecode.c.objc; path = MovieCell.m; sourceTree = "<group>"; };
		F1F5C4C027E8FAC9005D5393 /* MovieDB in Objective-C.app */ = {isa = PBXFileReference; explicitFileType = wrapper.application; includeInIndex = 0; path = "MovieDB in Objective-C.app"; sourceTree = BUILT_PRODUCTS_DIR; };
		F1F5C4C327E8FAC9005D5393 /* AppDelegate.h */ = {isa = PBXFileReference; lastKnownFileType = sourcecode.c.h; path = AppDelegate.h; sourceTree = "<group>"; };
		F1F5C4C427E8FAC9005D5393 /* AppDelegate.m */ = {isa = PBXFileReference; lastKnownFileType = sourcecode.c.objc; path = AppDelegate.m; sourceTree = "<group>"; };
		F1F5C4C627E8FAC9005D5393 /* SceneDelegate.h */ = {isa = PBXFileReference; lastKnownFileType = sourcecode.c.h; path = SceneDelegate.h; sourceTree = "<group>"; };
		F1F5C4C727E8FAC9005D5393 /* SceneDelegate.m */ = {isa = PBXFileReference; lastKnownFileType = sourcecode.c.objc; path = SceneDelegate.m; sourceTree = "<group>"; };
		F1F5C4C927E8FAC9005D5393 /* MovieViewController.h */ = {isa = PBXFileReference; lastKnownFileType = sourcecode.c.h; path = MovieViewController.h; sourceTree = "<group>"; };
		F1F5C4CA27E8FAC9005D5393 /* MovieViewController.m */ = {isa = PBXFileReference; lastKnownFileType = sourcecode.c.objc; path = MovieViewController.m; sourceTree = "<group>"; };
		F1F5C4D027E8FAC9005D5393 /* MovieDB_in_Objective_C.xcdatamodel */ = {isa = PBXFileReference; lastKnownFileType = wrapper.xcdatamodel; path = MovieDB_in_Objective_C.xcdatamodel; sourceTree = "<group>"; };
		F1F5C4D227E8FACC005D5393 /* Assets.xcassets */ = {isa = PBXFileReference; lastKnownFileType = folder.assetcatalog; path = Assets.xcassets; sourceTree = "<group>"; };
		F1F5C4D527E8FACC005D5393 /* Base */ = {isa = PBXFileReference; lastKnownFileType = file.storyboard; name = Base; path = Base.lproj/LaunchScreen.storyboard; sourceTree = "<group>"; };
		F1F5C4D727E8FACC005D5393 /* Info.plist */ = {isa = PBXFileReference; lastKnownFileType = text.plist.xml; path = Info.plist; sourceTree = "<group>"; };
		F1F5C4D827E8FACC005D5393 /* main.m */ = {isa = PBXFileReference; lastKnownFileType = sourcecode.c.objc; path = main.m; sourceTree = "<group>"; };
		F1F5C4DF27E8FCFA005D5393 /* Main.storyboard */ = {isa = PBXFileReference; fileEncoding = 4; lastKnownFileType = file.storyboard; path = Main.storyboard; sourceTree = "<group>"; };
		F1F5C4E127EA38BE005D5393 /* Movie.h */ = {isa = PBXFileReference; lastKnownFileType = sourcecode.c.h; path = Movie.h; sourceTree = "<group>"; };
		F1F5C4E227EA3CE5005D5393 /* Genre.h */ = {isa = PBXFileReference; lastKnownFileType = sourcecode.c.h; path = Genre.h; sourceTree = "<group>"; };
		F1F5C4E327EA4C31005D5393 /* MovieCell.h */ = {isa = PBXFileReference; lastKnownFileType = sourcecode.c.h; path = MovieCell.h; sourceTree = "<group>"; };
		F1F5C4E427EB7DFC005D5393 /* MovieDetailsViewController.h */ = {isa = PBXFileReference; lastKnownFileType = sourcecode.c.h; path = MovieDetailsViewController.h; sourceTree = "<group>"; };
		F1F5C4E527EB7E0F005D5393 /* MovieDetailsViewController.m */ = {isa = PBXFileReference; lastKnownFileType = sourcecode.c.objc; path = MovieDetailsViewController.m; sourceTree = "<group>"; };
		F1F5C4E727EB7FD2005D5393 /* Movie.m */ = {isa = PBXFileReference; lastKnownFileType = sourcecode.c.objc; path = Movie.m; sourceTree = "<group>"; };
		F1F5C4EB27EBA6DF005D5393 /* MovieDetailCell.h */ = {isa = PBXFileReference; lastKnownFileType = sourcecode.c.h; path = MovieDetailCell.h; sourceTree = "<group>"; };
		F1F5C4EC27EBA6EC005D5393 /* MovieDetailCell.m */ = {isa = PBXFileReference; lastKnownFileType = sourcecode.c.objc; path = MovieDetailCell.m; sourceTree = "<group>"; };
		F1F5C4EE27EBA6FE005D5393 /* MovieDetailOverviewCell.h */ = {isa = PBXFileReference; lastKnownFileType = sourcecode.c.h; path = MovieDetailOverviewCell.h; sourceTree = "<group>"; };
		F1F5C4EF27EBA70F005D5393 /* MovieDetailOverviewCell.m */ = {isa = PBXFileReference; lastKnownFileType = sourcecode.c.objc; path = MovieDetailOverviewCell.m; sourceTree = "<group>"; };
/* End PBXFileReference section */

/* Begin PBXFrameworksBuildPhase section */
		F1F5C4BD27E8FAC9005D5393 /* Frameworks */ = {
			isa = PBXFrameworksBuildPhase;
			buildActionMask = 2147483647;
			files = (
			);
			runOnlyForDeploymentPostprocessing = 0;
		};
/* End PBXFrameworksBuildPhase section */

/* Begin PBXGroup section */
		F1F5C4B727E8FAC9005D5393 = {
			isa = PBXGroup;
			children = (
				F1F5C4C227E8FAC9005D5393 /* MovieDB in Objective-C */,
				F1F5C4C127E8FAC9005D5393 /* Products */,
			);
			sourceTree = "<group>";
		};
		F1F5C4C127E8FAC9005D5393 /* Products */ = {
			isa = PBXGroup;
			children = (
				F1F5C4C027E8FAC9005D5393 /* MovieDB in Objective-C.app */,
			);
			name = Products;
			sourceTree = "<group>";
		};
		F1F5C4C227E8FAC9005D5393 /* MovieDB in Objective-C */ = {
			isa = PBXGroup;
			children = (
				F1F5C4C327E8FAC9005D5393 /* AppDelegate.h */,
				F1F5C4C427E8FAC9005D5393 /* AppDelegate.m */,
				F1F5C4C627E8FAC9005D5393 /* SceneDelegate.h */,
				F1F5C4C727E8FAC9005D5393 /* SceneDelegate.m */,
				F1F5C4C927E8FAC9005D5393 /* MovieViewController.h */,
				F1F5C4CA27E8FAC9005D5393 /* MovieViewController.m */,
				F1F5C4E127EA38BE005D5393 /* Movie.h */,
				F1F5C4E727EB7FD2005D5393 /* Movie.m */,
				F1F5C4E227EA3CE5005D5393 /* Genre.h */,
				F1F5C4E427EB7DFC005D5393 /* MovieDetailsViewController.h */,
				F1F5C4E527EB7E0F005D5393 /* MovieDetailsViewController.m */,
				F1F5C4E327EA4C31005D5393 /* MovieCell.h */,
				07B1AA3227EB96CD00BFFFF4 /* MovieCell.m */,
				F1F5C4EB27EBA6DF005D5393 /* MovieDetailCell.h */,
				F1F5C4EC27EBA6EC005D5393 /* MovieDetailCell.m */,
				F1F5C4EE27EBA6FE005D5393 /* MovieDetailOverviewCell.h */,
				F1F5C4EF27EBA70F005D5393 /* MovieDetailOverviewCell.m */,
				F1F5C4DF27E8FCFA005D5393 /* Main.storyboard */,
				F1F5C4D227E8FACC005D5393 /* Assets.xcassets */,
				F1F5C4D427E8FACC005D5393 /* LaunchScreen.storyboard */,
				F1F5C4D727E8FACC005D5393 /* Info.plist */,
				F1F5C4D827E8FACC005D5393 /* main.m */,
				F1F5C4CF27E8FAC9005D5393 /* MovieDB_in_Objective_C.xcdatamodeld */,
			);
			path = "MovieDB in Objective-C";
			sourceTree = "<group>";
		};
/* End PBXGroup section */

/* Begin PBXNativeTarget section */
		F1F5C4BF27E8FAC9005D5393 /* MovieDB in Objective-C */ = {
			isa = PBXNativeTarget;
			buildConfigurationList = F1F5C4DC27E8FACC005D5393 /* Build configuration list for PBXNativeTarget "MovieDB in Objective-C" */;
			buildPhases = (
				F1F5C4BC27E8FAC9005D5393 /* Sources */,
				F1F5C4BD27E8FAC9005D5393 /* Frameworks */,
				F1F5C4BE27E8FAC9005D5393 /* Resources */,
			);
			buildRules = (
			);
			dependencies = (
			);
			name = "MovieDB in Objective-C";
			productName = "MovieDB in Objective-C";
			productReference = F1F5C4C027E8FAC9005D5393 /* MovieDB in Objective-C.app */;
			productType = "com.apple.product-type.application";
		};
/* End PBXNativeTarget section */

/* Begin PBXProject section */
		F1F5C4B827E8FAC9005D5393 /* Project object */ = {
			isa = PBXProject;
			attributes = {
				BuildIndependentTargetsInParallel = 1;
				LastUpgradeCheck = 1330;
				TargetAttributes = {
					F1F5C4BF27E8FAC9005D5393 = {
						CreatedOnToolsVersion = 13.3;
					};
				};
			};
			buildConfigurationList = F1F5C4BB27E8FAC9005D5393 /* Build configuration list for PBXProject "MovieDB in Objective-C" */;
			compatibilityVersion = "Xcode 13.0";
			developmentRegion = en;
			hasScannedForEncodings = 0;
			knownRegions = (
				en,
				Base,
			);
			mainGroup = F1F5C4B727E8FAC9005D5393;
			productRefGroup = F1F5C4C127E8FAC9005D5393 /* Products */;
			projectDirPath = "";
			projectRoot = "";
			targets = (
				F1F5C4BF27E8FAC9005D5393 /* MovieDB in Objective-C */,
			);
		};
/* End PBXProject section */

/* Begin PBXResourcesBuildPhase section */
		F1F5C4BE27E8FAC9005D5393 /* Resources */ = {
			isa = PBXResourcesBuildPhase;
			buildActionMask = 2147483647;
			files = (
				F1F5C4E027E8FCFA005D5393 /* Main.storyboard in Resources */,
				F1F5C4D627E8FACC005D5393 /* LaunchScreen.storyboard in Resources */,
				F1F5C4D327E8FACC005D5393 /* Assets.xcassets in Resources */,
			);
			runOnlyForDeploymentPostprocessing = 0;
		};
/* End PBXResourcesBuildPhase section */

/* Begin PBXSourcesBuildPhase section */
		F1F5C4BC27E8FAC9005D5393 /* Sources */ = {
			isa = PBXSourcesBuildPhase;
			buildActionMask = 2147483647;
			files = (
				F1F5C4ED27EBA6EC005D5393 /* MovieDetailCell.m in Sources */,
				F1F5C4D927E8FACC005D5393 /* main.m in Sources */,
				F1F5C4CB27E8FAC9005D5393 /* MovieViewController.m in Sources */,
				F1F5C4E827EB7FD2005D5393 /* Movie.m in Sources */,
				F1F5C4C527E8FAC9005D5393 /* AppDelegate.m in Sources */,
				F1F5C4C827E8FAC9005D5393 /* SceneDelegate.m in Sources */,
				F1F5C4E627EB7E0F005D5393 /* MovieDetailsViewController.m in Sources */,
				07B1AA3327EB96CD00BFFFF4 /* MovieCell.m in Sources */,
				F1F5C4F027EBA70F005D5393 /* MovieDetailOverviewCell.m in Sources */,
				F1F5C4D127E8FAC9005D5393 /* MovieDB_in_Objective_C.xcdatamodeld in Sources */,
			);
			runOnlyForDeploymentPostprocessing = 0;
		};
/* End PBXSourcesBuildPhase section */

/* Begin PBXVariantGroup section */
		F1F5C4D427E8FACC005D5393 /* LaunchScreen.storyboard */ = {
			isa = PBXVariantGroup;
			children = (
				F1F5C4D527E8FACC005D5393 /* Base */,
			);
			name = LaunchScreen.storyboard;
			sourceTree = "<group>";
		};
/* End PBXVariantGroup section */

/* Begin XCBuildConfiguration section */
		F1F5C4DA27E8FACC005D5393 /* Debug */ = {
			isa = XCBuildConfiguration;
			buildSettings = {
				ALWAYS_SEARCH_USER_PATHS = NO;
				CLANG_ANALYZER_NONNULL = YES;
				CLANG_ANALYZER_NUMBER_OBJECT_CONVERSION = YES_AGGRESSIVE;
				CLANG_CXX_LANGUAGE_STANDARD = "gnu++17";
				CLANG_ENABLE_MODULES = YES;
				CLANG_ENABLE_OBJC_ARC = YES;
				CLANG_ENABLE_OBJC_WEAK = YES;
				CLANG_WARN_BLOCK_CAPTURE_AUTORELEASING = YES;
				CLANG_WARN_BOOL_CONVERSION = YES;
				CLANG_WARN_COMMA = YES;
				CLANG_WARN_CONSTANT_CONVERSION = YES;
				CLANG_WARN_DEPRECATED_OBJC_IMPLEMENTATIONS = YES;
				CLANG_WARN_DIRECT_OBJC_ISA_USAGE = YES_ERROR;
				CLANG_WARN_DOCUMENTATION_COMMENTS = YES;
				CLANG_WARN_EMPTY_BODY = YES;
				CLANG_WARN_ENUM_CONVERSION = YES;
				CLANG_WARN_INFINITE_RECURSION = YES;
				CLANG_WARN_INT_CONVERSION = YES;
				CLANG_WARN_NON_LITERAL_NULL_CONVERSION = YES;
				CLANG_WARN_OBJC_IMPLICIT_RETAIN_SELF = YES;
				CLANG_WARN_OBJC_LITERAL_CONVERSION = YES;
				CLANG_WARN_OBJC_ROOT_CLASS = YES_ERROR;
				CLANG_WARN_QUOTED_INCLUDE_IN_FRAMEWORK_HEADER = YES;
				CLANG_WARN_RANGE_LOOP_ANALYSIS = YES;
				CLANG_WARN_STRICT_PROTOTYPES = YES;
				CLANG_WARN_SUSPICIOUS_MOVE = YES;
				CLANG_WARN_UNGUARDED_AVAILABILITY = YES_AGGRESSIVE;
				CLANG_WARN_UNREACHABLE_CODE = YES;
				CLANG_WARN__DUPLICATE_METHOD_MATCH = YES;
				COPY_PHASE_STRIP = NO;
				DEBUG_INFORMATION_FORMAT = dwarf;
				ENABLE_STRICT_OBJC_MSGSEND = YES;
				ENABLE_TESTABILITY = YES;
				GCC_C_LANGUAGE_STANDARD = gnu11;
				GCC_DYNAMIC_NO_PIC = NO;
				GCC_NO_COMMON_BLOCKS = YES;
				GCC_OPTIMIZATION_LEVEL = 0;
				GCC_PREPROCESSOR_DEFINITIONS = (
					"DEBUG=1",
					"$(inherited)",
				);
				GCC_WARN_64_TO_32_BIT_CONVERSION = YES;
				GCC_WARN_ABOUT_RETURN_TYPE = YES_ERROR;
				GCC_WARN_UNDECLARED_SELECTOR = YES;
				GCC_WARN_UNINITIALIZED_AUTOS = YES_AGGRESSIVE;
				GCC_WARN_UNUSED_FUNCTION = YES;
				GCC_WARN_UNUSED_VARIABLE = YES;
				IPHONEOS_DEPLOYMENT_TARGET = 15.4;
				MTL_ENABLE_DEBUG_INFO = INCLUDE_SOURCE;
				MTL_FAST_MATH = YES;
				ONLY_ACTIVE_ARCH = YES;
				SDKROOT = iphoneos;
			};
			name = Debug;
		};
		F1F5C4DB27E8FACC005D5393 /* Release */ = {
			isa = XCBuildConfiguration;
			buildSettings = {
				ALWAYS_SEARCH_USER_PATHS = NO;
				CLANG_ANALYZER_NONNULL = YES;
				CLANG_ANALYZER_NUMBER_OBJECT_CONVERSION = YES_AGGRESSIVE;
				CLANG_CXX_LANGUAGE_STANDARD = "gnu++17";
				CLANG_ENABLE_MODULES = YES;
				CLANG_ENABLE_OBJC_ARC = YES;
				CLANG_ENABLE_OBJC_WEAK = YES;
				CLANG_WARN_BLOCK_CAPTURE_AUTORELEASING = YES;
				CLANG_WARN_BOOL_CONVERSION = YES;
				CLANG_WARN_COMMA = YES;
				CLANG_WARN_CONSTANT_CONVERSION = YES;
				CLANG_WARN_DEPRECATED_OBJC_IMPLEMENTATIONS = YES;
				CLANG_WARN_DIRECT_OBJC_ISA_USAGE = YES_ERROR;
				CLANG_WARN_DOCUMENTATION_COMMENTS = YES;
				CLANG_WARN_EMPTY_BODY = YES;
				CLANG_WARN_ENUM_CONVERSION = YES;
				CLANG_WARN_INFINITE_RECURSION = YES;
				CLANG_WARN_INT_CONVERSION = YES;
				CLANG_WARN_NON_LITERAL_NULL_CONVERSION = YES;
				CLANG_WARN_OBJC_IMPLICIT_RETAIN_SELF = YES;
				CLANG_WARN_OBJC_LITERAL_CONVERSION = YES;
				CLANG_WARN_OBJC_ROOT_CLASS = YES_ERROR;
				CLANG_WARN_QUOTED_INCLUDE_IN_FRAMEWORK_HEADER = YES;
				CLANG_WARN_RANGE_LOOP_ANALYSIS = YES;
				CLANG_WARN_STRICT_PROTOTYPES = YES;
				CLANG_WARN_SUSPICIOUS_MOVE = YES;
				CLANG_WARN_UNGUARDED_AVAILABILITY = YES_AGGRESSIVE;
				CLANG_WARN_UNREACHABLE_CODE = YES;
				CLANG_WARN__DUPLICATE_METHOD_MATCH = YES;
				COPY_PHASE_STRIP = NO;
				DEBUG_INFORMATION_FORMAT = "dwarf-with-dsym";
				ENABLE_NS_ASSERTIONS = NO;
				ENABLE_STRICT_OBJC_MSGSEND = YES;
				GCC_C_LANGUAGE_STANDARD = gnu11;
				GCC_NO_COMMON_BLOCKS = YES;
				GCC_WARN_64_TO_32_BIT_CONVERSION = YES;
				GCC_WARN_ABOUT_RETURN_TYPE = YES_ERROR;
				GCC_WARN_UNDECLARED_SELECTOR = YES;
				GCC_WARN_UNINITIALIZED_AUTOS = YES_AGGRESSIVE;
				GCC_WARN_UNUSED_FUNCTION = YES;
				GCC_WARN_UNUSED_VARIABLE = YES;
				IPHONEOS_DEPLOYMENT_TARGET = 15.4;
				MTL_ENABLE_DEBUG_INFO = NO;
				MTL_FAST_MATH = YES;
				SDKROOT = iphoneos;
				VALIDATE_PRODUCT = YES;
			};
			name = Release;
		};
		F1F5C4DD27E8FACC005D5393 /* Debug */ = {
			isa = XCBuildConfiguration;
			buildSettings = {
				ASSETCATALOG_COMPILER_APPICON_NAME = AppIcon;
				ASSETCATALOG_COMPILER_GLOBAL_ACCENT_COLOR_NAME = AccentColor;
				CODE_SIGN_STYLE = Automatic;
				CURRENT_PROJECT_VERSION = 1;
				DEVELOPMENT_TEAM = TA9GQL43ZA;
				GENERATE_INFOPLIST_FILE = YES;
				INFOPLIST_FILE = "MovieDB in Objective-C/Info.plist";
				INFOPLIST_KEY_UIApplicationSupportsIndirectInputEvents = YES;
				INFOPLIST_KEY_UILaunchStoryboardName = LaunchScreen;
				INFOPLIST_KEY_UIMainStoryboardFile = Main;
				INFOPLIST_KEY_UISupportedInterfaceOrientations_iPad = "UIInterfaceOrientationPortrait UIInterfaceOrientationPortraitUpsideDown UIInterfaceOrientationLandscapeLeft UIInterfaceOrientationLandscapeRight";
				INFOPLIST_KEY_UISupportedInterfaceOrientations_iPhone = "UIInterfaceOrientationPortrait UIInterfaceOrientationLandscapeLeft UIInterfaceOrientationLandscapeRight";
				LD_RUNPATH_SEARCH_PATHS = (
					"$(inherited)",
					"@executable_path/Frameworks",
				);
				MARKETING_VERSION = 1.0;
				PRODUCT_BUNDLE_IDENTIFIER = "com.challenge.MovieDB-in-Objective-C";
				PRODUCT_NAME = "$(TARGET_NAME)";
				SWIFT_EMIT_LOC_STRINGS = YES;
				TARGETED_DEVICE_FAMILY = "1,2";
			};
			name = Debug;
		};
		F1F5C4DE27E8FACC005D5393 /* Release */ = {
			isa = XCBuildConfiguration;
			buildSettings = {
				ASSETCATALOG_COMPILER_APPICON_NAME = AppIcon;
				ASSETCATALOG_COMPILER_GLOBAL_ACCENT_COLOR_NAME = AccentColor;
				CODE_SIGN_STYLE = Automatic;
				CURRENT_PROJECT_VERSION = 1;
				DEVELOPMENT_TEAM = TA9GQL43ZA;
				GENERATE_INFOPLIST_FILE = YES;
				INFOPLIST_FILE = "MovieDB in Objective-C/Info.plist";
				INFOPLIST_KEY_UIApplicationSupportsIndirectInputEvents = YES;
				INFOPLIST_KEY_UILaunchStoryboardName = LaunchScreen;
				INFOPLIST_KEY_UIMainStoryboardFile = Main;
				INFOPLIST_KEY_UISupportedInterfaceOrientations_iPad = "UIInterfaceOrientationPortrait UIInterfaceOrientationPortraitUpsideDown UIInterfaceOrientationLandscapeLeft UIInterfaceOrientationLandscapeRight";
				INFOPLIST_KEY_UISupportedInterfaceOrientations_iPhone = "UIInterfaceOrientationPortrait UIInterfaceOrientationLandscapeLeft UIInterfaceOrientationLandscapeRight";
				LD_RUNPATH_SEARCH_PATHS = (
					"$(inherited)",
					"@executable_path/Frameworks",
				);
				MARKETING_VERSION = 1.0;
				PRODUCT_BUNDLE_IDENTIFIER = "com.challenge.MovieDB-in-Objective-C";
				PRODUCT_NAME = "$(TARGET_NAME)";
				SWIFT_EMIT_LOC_STRINGS = YES;
				TARGETED_DEVICE_FAMILY = "1,2";
			};
			name = Release;
		};
/* End XCBuildConfiguration section */

/* Begin XCConfigurationList section */
		F1F5C4BB27E8FAC9005D5393 /* Build configuration list for PBXProject "MovieDB in Objective-C" */ = {
			isa = XCConfigurationList;
			buildConfigurations = (
				F1F5C4DA27E8FACC005D5393 /* Debug */,
				F1F5C4DB27E8FACC005D5393 /* Release */,
			);
			defaultConfigurationIsVisible = 0;
			defaultConfigurationName = Release;
		};
		F1F5C4DC27E8FACC005D5393 /* Build configuration list for PBXNativeTarget "MovieDB in Objective-C" */ = {
			isa = XCConfigurationList;
			buildConfigurations = (
				F1F5C4DD27E8FACC005D5393 /* Debug */,
				F1F5C4DE27E8FACC005D5393 /* Release */,
			);
			defaultConfigurationIsVisible = 0;
			defaultConfigurationName = Release;
		};
/* End XCConfigurationList section */

/* Begin XCVersionGroup section */
		F1F5C4CF27E8FAC9005D5393 /* MovieDB_in_Objective_C.xcdatamodeld */ = {
			isa = XCVersionGroup;
			children = (
				F1F5C4D027E8FAC9005D5393 /* MovieDB_in_Objective_C.xcdatamodel */,
			);
			currentVersion = F1F5C4D027E8FAC9005D5393 /* MovieDB_in_Objective_C.xcdatamodel */;
			path = MovieDB_in_Objective_C.xcdatamodeld;
			sourceTree = "<group>";
			versionGroupType = wrapper.xcdatamodel;
		};
/* End XCVersionGroup section */
	};
	rootObject = F1F5C4B827E8FAC9005D5393 /* Project object */;
}
